
Microsoft Visual Studio Solution File, Format Version 12.00
# Visual Studio Version 16
VisualStudioVersion = 16.0.30011.22
MinimumVisualStudioVersion = 10.0.40219.1
Project("{FAE04EC0-301F-11D3-BF4B-00C04F79EFBC}") = "Asp_Braneanu_Valentin_Rp", "Asp_Braneanu_Valentin_Rp.csproj", "{165647E4-423B-4632-86EB-BD842684990D}"
EndProject
Global
	GlobalSection(SolutionConfigurationPlatforms) = preSolution
		Debug|Any CPU = Debug|Any CPU
		Release|Any CPU = Release|Any CPU
	EndGlobalSection
	GlobalSection(ProjectConfigurationPlatforms) = postSolution
		{165647E4-423B-4632-86EB-BD842684990D}.Debug|Any CPU.ActiveCfg = Debug|Any CPU
		{165647E4-423B-4632-86EB-BD842684990D}.Debug|Any CPU.Build.0 = Debug|Any CPU
		{165647E4-423B-4632-86EB-BD842684990D}.Release|Any CPU.ActiveCfg = Release|Any CPU
		{165647E4-423B-4632-86EB-BD842684990D}.Release|Any CPU.Build.0 = Release|Any CPU
	EndGlobalSection
	GlobalSection(SolutionProperties) = preSolution
		HideSolutionNode = FALSE
	EndGlobalSection
	GlobalSection(ExtensibilityGlobals) = postSolution
		SolutionGuid = {3A8FC352-FD95-4196-A364-CA453F5B883C}
	EndGlobalSection
EndGlobal
