
Microsoft Visual Studio Solution File, Format Version 12.00
# Visual Studio Version 16
VisualStudioVersion = 16.0.29911.84
MinimumVisualStudioVersion = 10.0.40219.1
Project("{FAE04EC0-301F-11D3-BF4B-00C04F79EFBC}") = "ClassLibraryNetCore", "ClassLibraryNetCore.csproj", "{3EC8D7A4-421E-44C0-A88D-9E4E8BDAF3E2}"
EndProject
Global
	GlobalSection(SolutionConfigurationPlatforms) = preSolution
		Debug|Any CPU = Debug|Any CPU
		Release|Any CPU = Release|Any CPU
	EndGlobalSection
	GlobalSection(ProjectConfigurationPlatforms) = postSolution
		{3EC8D7A4-421E-44C0-A88D-9E4E8BDAF3E2}.Debug|Any CPU.ActiveCfg = Debug|Any CPU
		{3EC8D7A4-421E-44C0-A88D-9E4E8BDAF3E2}.Debug|Any CPU.Build.0 = Debug|Any CPU
		{3EC8D7A4-421E-44C0-A88D-9E4E8BDAF3E2}.Release|Any CPU.ActiveCfg = Release|Any CPU
		{3EC8D7A4-421E-44C0-A88D-9E4E8BDAF3E2}.Release|Any CPU.Build.0 = Release|Any CPU
	EndGlobalSection
	GlobalSection(SolutionProperties) = preSolution
		HideSolutionNode = FALSE
	EndGlobalSection
	GlobalSection(ExtensibilityGlobals) = postSolution
		SolutionGuid = {102806AF-8670-4BFE-887A-11915C56918F}
	EndGlobalSection
EndGlobal
